
Microsoft Visual Studio Solution File, Format Version 12.00
# Visual Studio 2013
VisualStudioVersion = 12.0.21005.1
MinimumVisualStudioVersion = 10.0.40219.1
Project("{2150E333-8FDC-42A3-9474-1A3956D46DE8}") = "3rdparty", "3rdparty", "{537D30E0-2599-47AC-91F8-A9C95F745D03}"
EndProject
Project("{8BC9CEB8-8B4A-11D0-8D11-00A0C91BC942}") = "DuiLib", "3rdparty\DuiLib\DuiLib.vcxproj", "{E106ACD7-4E53-4AEE-942B-D0DD426DB34E}"
EndProject
Project("{8BC9CEB8-8B4A-11D0-8D11-00A0C91BC942}") = "libcef_dll_wrapper", "3rdparty\libcef_dll\libcef_dll_wrapper.vcxproj", "{150A6289-B581-3FAA-A3F3-47517B1DC3D4}"
EndProject
Project("{8BC9CEB8-8B4A-11D0-8D11-00A0C91BC942}") = "demo", "demo\demo.vcxproj", "{8D527E96-5A3F-48F2-A93C-F1CBAAC2E18B}"
EndProject
Global
	GlobalSection(SolutionConfigurationPlatforms) = preSolution
		Debug|Win32 = Debug|Win32
		Debug|x64 = Debug|x64
		Release|Win32 = Release|Win32
		Release|x64 = Release|x64
	EndGlobalSection
	GlobalSection(ProjectConfigurationPlatforms) = postSolution
		{E106ACD7-4E53-4AEE-942B-D0DD426DB34E}.Debug|Win32.ActiveCfg = Debug|Win32
		{E106ACD7-4E53-4AEE-942B-D0DD426DB34E}.Debug|Win32.Build.0 = Debug|Win32
		{E106ACD7-4E53-4AEE-942B-D0DD426DB34E}.Debug|x64.ActiveCfg = Debug|x64
		{E106ACD7-4E53-4AEE-942B-D0DD426DB34E}.Debug|x64.Build.0 = Debug|x64
		{E106ACD7-4E53-4AEE-942B-D0DD426DB34E}.Release|Win32.ActiveCfg = Release|Win32
		{E106ACD7-4E53-4AEE-942B-D0DD426DB34E}.Release|Win32.Build.0 = Release|Win32
		{E106ACD7-4E53-4AEE-942B-D0DD426DB34E}.Release|x64.ActiveCfg = Release|x64
		{E106ACD7-4E53-4AEE-942B-D0DD426DB34E}.Release|x64.Build.0 = Release|x64
		{150A6289-B581-3FAA-A3F3-47517B1DC3D4}.Debug|Win32.ActiveCfg = Debug|Win32
		{150A6289-B581-3FAA-A3F3-47517B1DC3D4}.Debug|Win32.Build.0 = Debug|Win32
		{150A6289-B581-3FAA-A3F3-47517B1DC3D4}.Debug|x64.ActiveCfg = Debug|Win32
		{150A6289-B581-3FAA-A3F3-47517B1DC3D4}.Release|Win32.ActiveCfg = Release|Win32
		{150A6289-B581-3FAA-A3F3-47517B1DC3D4}.Release|Win32.Build.0 = Release|Win32
		{150A6289-B581-3FAA-A3F3-47517B1DC3D4}.Release|x64.ActiveCfg = Release|Win32
		{8D527E96-5A3F-48F2-A93C-F1CBAAC2E18B}.Debug|Win32.ActiveCfg = Debug|Win32
		{8D527E96-5A3F-48F2-A93C-F1CBAAC2E18B}.Debug|Win32.Build.0 = Debug|Win32
		{8D527E96-5A3F-48F2-A93C-F1CBAAC2E18B}.Debug|x64.ActiveCfg = Debug|Win32
		{8D527E96-5A3F-48F2-A93C-F1CBAAC2E18B}.Release|Win32.ActiveCfg = Release|Win32
		{8D527E96-5A3F-48F2-A93C-F1CBAAC2E18B}.Release|Win32.Build.0 = Release|Win32
		{8D527E96-5A3F-48F2-A93C-F1CBAAC2E18B}.Release|x64.ActiveCfg = Release|Win32
	EndGlobalSection
	GlobalSection(SolutionProperties) = preSolution
		HideSolutionNode = FALSE
	EndGlobalSection
	GlobalSection(NestedProjects) = preSolution
		{E106ACD7-4E53-4AEE-942B-D0DD426DB34E} = {537D30E0-2599-47AC-91F8-A9C95F745D03}
		{150A6289-B581-3FAA-A3F3-47517B1DC3D4} = {537D30E0-2599-47AC-91F8-A9C95F745D03}
	EndGlobalSection
EndGlobal
